// !$*UTF8*$!
{
	archiveVersion = 1;
	classes = {
	};
	objectVersion = 56;
	objects = {

/* Begin PBXBuildFile section */
		DE6B7B4699ED7B2AA32A0142 /* Pods_SandeulSandeul.framework in Frameworks */ = {isa = PBXBuildFile; fileRef = A5BA1432BEAB6B70C7943A57 /* Pods_SandeulSandeul.framework */; };
		EA3212912A2E072100A49FD5 /* Location.swift in Sources */ = {isa = PBXBuildFile; fileRef = EA3212902A2E072100A49FD5 /* Location.swift */; };
		EA3212932A2E126100A49FD5 /* QueryParameter.swift in Sources */ = {isa = PBXBuildFile; fileRef = EA3212922A2E126100A49FD5 /* QueryParameter.swift */; };
		EA3212952A2E15C900A49FD5 /* ShortTermForecastWeather.swift in Sources */ = {isa = PBXBuildFile; fileRef = EA3212942A2E15C900A49FD5 /* ShortTermForecastWeather.swift */; };
		EA3212C32A305C3500A49FD5 /* GPStoGrid.swift in Sources */ = {isa = PBXBuildFile; fileRef = EA3212C22A305C3500A49FD5 /* GPStoGrid.swift */; };
		EA3212C52A309F9700A49FD5 /* ShortTermForecastWeatherNetworkManager.swift in Sources */ = {isa = PBXBuildFile; fileRef = EA3212C42A309F9700A49FD5 /* ShortTermForecastWeatherNetworkManager.swift */; };
		EA3212C72A30A10E00A49FD5 /* ShortTermForecastWeatherViewModel.swift in Sources */ = {isa = PBXBuildFile; fileRef = EA3212C62A30A10E00A49FD5 /* ShortTermForecastWeatherViewModel.swift */; };
		EA3212C92A31D8E700A49FD5 /* UserDefaults.swift in Sources */ = {isa = PBXBuildFile; fileRef = EA3212C82A31D8E700A49FD5 /* UserDefaults.swift */; };
		EA3212D22A331C3E00A49FD5 /* TodayForecastCell.swift in Sources */ = {isa = PBXBuildFile; fileRef = EA3212D12A331C3E00A49FD5 /* TodayForecastCell.swift */; };
		EA3212D72A37179400A49FD5 /* ParticulateMatter.swift in Sources */ = {isa = PBXBuildFile; fileRef = EA3212D62A37179400A49FD5 /* ParticulateMatter.swift */; };
		EA3212D92A37188200A49FD5 /* ParticulateMatterNetworkManager.swift in Sources */ = {isa = PBXBuildFile; fileRef = EA3212D82A37188200A49FD5 /* ParticulateMatterNetworkManager.swift */; };
		EA3212DB2A371A0B00A49FD5 /* ParticulateMatterViewModel.swift in Sources */ = {isa = PBXBuildFile; fileRef = EA3212DA2A371A0B00A49FD5 /* ParticulateMatterViewModel.swift */; };
		EA3212E12A39C61500A49FD5 /* SunsetAndSunrise.swift in Sources */ = {isa = PBXBuildFile; fileRef = EA3212E02A39C61500A49FD5 /* SunsetAndSunrise.swift */; };
		EA3212E32A39C65D00A49FD5 /* SunsetAndSunriseNetworkManager.swift in Sources */ = {isa = PBXBuildFile; fileRef = EA3212E22A39C65D00A49FD5 /* SunsetAndSunriseNetworkManager.swift */; };
		EA3212E52A39C6F400A49FD5 /* SunsetAndSunriseViewModel.swift in Sources */ = {isa = PBXBuildFile; fileRef = EA3212E42A39C6F400A49FD5 /* SunsetAndSunriseViewModel.swift */; };
		EA838FCA2A1752A800B0D8FD /* AppDelegate.swift in Sources */ = {isa = PBXBuildFile; fileRef = EA838FC92A1752A800B0D8FD /* AppDelegate.swift */; };
		EA838FCC2A1752A800B0D8FD /* SceneDelegate.swift in Sources */ = {isa = PBXBuildFile; fileRef = EA838FCB2A1752A800B0D8FD /* SceneDelegate.swift */; };
		EA838FCE2A1752A800B0D8FD /* WeatherController.swift in Sources */ = {isa = PBXBuildFile; fileRef = EA838FCD2A1752A800B0D8FD /* WeatherController.swift */; };
		EA838FD12A1752A800B0D8FD /* Main.storyboard in Resources */ = {isa = PBXBuildFile; fileRef = EA838FCF2A1752A800B0D8FD /* Main.storyboard */; };
		EA838FD32A1752A900B0D8FD /* Assets.xcassets in Resources */ = {isa = PBXBuildFile; fileRef = EA838FD22A1752A900B0D8FD /* Assets.xcassets */; };
		EA838FD62A1752A900B0D8FD /* LaunchScreen.storyboard in Resources */ = {isa = PBXBuildFile; fileRef = EA838FD42A1752A900B0D8FD /* LaunchScreen.storyboard */; };
		EA838FE02A17533200B0D8FD /* MainInformationView.swift in Sources */ = {isa = PBXBuildFile; fileRef = EA838FDF2A17533200B0D8FD /* MainInformationView.swift */; };
		EA838FE22A17534700B0D8FD /* TodayForecastView.swift in Sources */ = {isa = PBXBuildFile; fileRef = EA838FE12A17534700B0D8FD /* TodayForecastView.swift */; };
		EA85CFF02A29CB5900073809 /* MyColor.swift in Sources */ = {isa = PBXBuildFile; fileRef = EA85CFEF2A29CB5900073809 /* MyColor.swift */; };
		EA85D0032A2A064200073809 /* IBMPlexSansKR-SemiBold.otf in Resources */ = {isa = PBXBuildFile; fileRef = EA85CFFB2A2A064100073809 /* IBMPlexSansKR-SemiBold.otf */; };
		EA85D0042A2A064200073809 /* IBMPlexSansKR-Bold.otf in Resources */ = {isa = PBXBuildFile; fileRef = EA85CFFC2A2A064100073809 /* IBMPlexSansKR-Bold.otf */; };
		EA85D0052A2A064200073809 /* IBMPlexSansKR-Light.otf in Resources */ = {isa = PBXBuildFile; fileRef = EA85CFFD2A2A064100073809 /* IBMPlexSansKR-Light.otf */; };
		EA85D0062A2A064200073809 /* IBMPlexSansKR-ExtraLight.otf in Resources */ = {isa = PBXBuildFile; fileRef = EA85CFFE2A2A064100073809 /* IBMPlexSansKR-ExtraLight.otf */; };
		EA85D0072A2A064200073809 /* IBMPlexSansKR-Thin.otf in Resources */ = {isa = PBXBuildFile; fileRef = EA85CFFF2A2A064100073809 /* IBMPlexSansKR-Thin.otf */; };
		EA85D0082A2A064200073809 /* IBMPlexSansKR-Medium.otf in Resources */ = {isa = PBXBuildFile; fileRef = EA85D0002A2A064200073809 /* IBMPlexSansKR-Medium.otf */; };
		EA85D0092A2A064200073809 /* IBMPlexSansKR-Regular.otf in Resources */ = {isa = PBXBuildFile; fileRef = EA85D0012A2A064200073809 /* IBMPlexSansKR-Regular.otf */; };
		EA85D00A2A2A064200073809 /* IBMPlexSansKR-Text.otf in Resources */ = {isa = PBXBuildFile; fileRef = EA85D0022A2A064200073809 /* IBMPlexSansKR-Text.otf */; };
		EAD7647F2A4D8A260091A80E /* TenDaysForecastView.swift in Sources */ = {isa = PBXBuildFile; fileRef = EAD7647E2A4D8A260091A80E /* TenDaysForecastView.swift */; };
		EAD764812A4D8B900091A80E /* TenDaysForecastTableViewCell.swift in Sources */ = {isa = PBXBuildFile; fileRef = EAD764802A4D8B900091A80E /* TenDaysForecastTableViewCell.swift */; };
		EAD764842A4E66090091A80E /* LongTermForecastWeather.swift in Sources */ = {isa = PBXBuildFile; fileRef = EAD764832A4E66090091A80E /* LongTermForecastWeather.swift */; };
		EAD764862A4E662A0091A80E /* LongTermForecastWeatherNetworkManager.swift in Sources */ = {isa = PBXBuildFile; fileRef = EAD764852A4E662A0091A80E /* LongTermForecastWeatherNetworkManager.swift */; };
		EAD764882A4E67280091A80E /* LongTermForecastWeatherViewModel.swift in Sources */ = {isa = PBXBuildFile; fileRef = EAD764872A4E67280091A80E /* LongTermForecastWeatherViewModel.swift */; };
		EAD764B02A502D8F0091A80E /* Weekday.swift in Sources */ = {isa = PBXBuildFile; fileRef = EAD764AF2A502D8F0091A80E /* Weekday.swift */; };
/* End PBXBuildFile section */

/* Begin PBXFileReference section */
		A35A58A094B4567F80D1DC42 /* Pods-SandeulSandeul.debug.xcconfig */ = {isa = PBXFileReference; includeInIndex = 1; lastKnownFileType = text.xcconfig; name = "Pods-SandeulSandeul.debug.xcconfig"; path = "Target Support Files/Pods-SandeulSandeul/Pods-SandeulSandeul.debug.xcconfig"; sourceTree = "<group>"; };
		A5BA1432BEAB6B70C7943A57 /* Pods_SandeulSandeul.framework */ = {isa = PBXFileReference; explicitFileType = wrapper.framework; includeInIndex = 0; path = Pods_SandeulSandeul.framework; sourceTree = BUILT_PRODUCTS_DIR; };
		CE15352017E7FB5D40774363 /* Pods-SandeulSandeul.release.xcconfig */ = {isa = PBXFileReference; includeInIndex = 1; lastKnownFileType = text.xcconfig; name = "Pods-SandeulSandeul.release.xcconfig"; path = "Target Support Files/Pods-SandeulSandeul/Pods-SandeulSandeul.release.xcconfig"; sourceTree = "<group>"; };
		EA3212902A2E072100A49FD5 /* Location.swift */ = {isa = PBXFileReference; lastKnownFileType = sourcecode.swift; path = Location.swift; sourceTree = "<group>"; };
		EA3212922A2E126100A49FD5 /* QueryParameter.swift */ = {isa = PBXFileReference; lastKnownFileType = sourcecode.swift; path = QueryParameter.swift; sourceTree = "<group>"; };
		EA3212942A2E15C900A49FD5 /* ShortTermForecastWeather.swift */ = {isa = PBXFileReference; lastKnownFileType = sourcecode.swift; path = ShortTermForecastWeather.swift; sourceTree = "<group>"; };
		EA3212C22A305C3500A49FD5 /* GPStoGrid.swift */ = {isa = PBXFileReference; lastKnownFileType = sourcecode.swift; path = GPStoGrid.swift; sourceTree = "<group>"; };
		EA3212C42A309F9700A49FD5 /* ShortTermForecastWeatherNetworkManager.swift */ = {isa = PBXFileReference; lastKnownFileType = sourcecode.swift; path = ShortTermForecastWeatherNetworkManager.swift; sourceTree = "<group>"; };
		EA3212C62A30A10E00A49FD5 /* ShortTermForecastWeatherViewModel.swift */ = {isa = PBXFileReference; lastKnownFileType = sourcecode.swift; path = ShortTermForecastWeatherViewModel.swift; sourceTree = "<group>"; };
		EA3212C82A31D8E700A49FD5 /* UserDefaults.swift */ = {isa = PBXFileReference; lastKnownFileType = sourcecode.swift; path = UserDefaults.swift; sourceTree = "<group>"; };
		EA3212CA2A31E32100A49FD5 /* SandeulSandeul.entitlements */ = {isa = PBXFileReference; lastKnownFileType = text.plist.entitlements; path = SandeulSandeul.entitlements; sourceTree = "<group>"; };
		EA3212D12A331C3E00A49FD5 /* TodayForecastCell.swift */ = {isa = PBXFileReference; lastKnownFileType = sourcecode.swift; path = TodayForecastCell.swift; sourceTree = "<group>"; };
		EA3212D62A37179400A49FD5 /* ParticulateMatter.swift */ = {isa = PBXFileReference; lastKnownFileType = sourcecode.swift; path = ParticulateMatter.swift; sourceTree = "<group>"; };
		EA3212D82A37188200A49FD5 /* ParticulateMatterNetworkManager.swift */ = {isa = PBXFileReference; lastKnownFileType = sourcecode.swift; path = ParticulateMatterNetworkManager.swift; sourceTree = "<group>"; };
		EA3212DA2A371A0B00A49FD5 /* ParticulateMatterViewModel.swift */ = {isa = PBXFileReference; lastKnownFileType = sourcecode.swift; path = ParticulateMatterViewModel.swift; sourceTree = "<group>"; };
		EA3212E02A39C61500A49FD5 /* SunsetAndSunrise.swift */ = {isa = PBXFileReference; lastKnownFileType = sourcecode.swift; path = SunsetAndSunrise.swift; sourceTree = "<group>"; };
		EA3212E22A39C65D00A49FD5 /* SunsetAndSunriseNetworkManager.swift */ = {isa = PBXFileReference; lastKnownFileType = sourcecode.swift; path = SunsetAndSunriseNetworkManager.swift; sourceTree = "<group>"; };
		EA3212E42A39C6F400A49FD5 /* SunsetAndSunriseViewModel.swift */ = {isa = PBXFileReference; lastKnownFileType = sourcecode.swift; path = SunsetAndSunriseViewModel.swift; sourceTree = "<group>"; };
		EA838FC62A1752A800B0D8FD /* SandeulSandeul.app */ = {isa = PBXFileReference; explicitFileType = wrapper.application; includeInIndex = 0; path = SandeulSandeul.app; sourceTree = BUILT_PRODUCTS_DIR; };
		EA838FC92A1752A800B0D8FD /* AppDelegate.swift */ = {isa = PBXFileReference; lastKnownFileType = sourcecode.swift; path = AppDelegate.swift; sourceTree = "<group>"; };
		EA838FCB2A1752A800B0D8FD /* SceneDelegate.swift */ = {isa = PBXFileReference; lastKnownFileType = sourcecode.swift; path = SceneDelegate.swift; sourceTree = "<group>"; };
		EA838FCD2A1752A800B0D8FD /* WeatherController.swift */ = {isa = PBXFileReference; lastKnownFileType = sourcecode.swift; path = WeatherController.swift; sourceTree = "<group>"; };
		EA838FD02A1752A800B0D8FD /* Base */ = {isa = PBXFileReference; lastKnownFileType = file.storyboard; name = Base; path = Base.lproj/Main.storyboard; sourceTree = "<group>"; };
		EA838FD22A1752A900B0D8FD /* Assets.xcassets */ = {isa = PBXFileReference; lastKnownFileType = folder.assetcatalog; path = Assets.xcassets; sourceTree = "<group>"; };
		EA838FD52A1752A900B0D8FD /* Base */ = {isa = PBXFileReference; lastKnownFileType = file.storyboard; name = Base; path = Base.lproj/LaunchScreen.storyboard; sourceTree = "<group>"; };
		EA838FD72A1752A900B0D8FD /* Info.plist */ = {isa = PBXFileReference; lastKnownFileType = text.plist.xml; path = Info.plist; sourceTree = "<group>"; };
		EA838FDF2A17533200B0D8FD /* MainInformationView.swift */ = {isa = PBXFileReference; lastKnownFileType = sourcecode.swift; path = MainInformationView.swift; sourceTree = "<group>"; };
		EA838FE12A17534700B0D8FD /* TodayForecastView.swift */ = {isa = PBXFileReference; lastKnownFileType = sourcecode.swift; path = TodayForecastView.swift; sourceTree = "<group>"; };
		EA85CFEF2A29CB5900073809 /* MyColor.swift */ = {isa = PBXFileReference; lastKnownFileType = sourcecode.swift; path = MyColor.swift; sourceTree = "<group>"; };
		EA85CFFB2A2A064100073809 /* IBMPlexSansKR-SemiBold.otf */ = {isa = PBXFileReference; lastKnownFileType = file; path = "IBMPlexSansKR-SemiBold.otf"; sourceTree = "<group>"; };
		EA85CFFC2A2A064100073809 /* IBMPlexSansKR-Bold.otf */ = {isa = PBXFileReference; lastKnownFileType = file; path = "IBMPlexSansKR-Bold.otf"; sourceTree = "<group>"; };
		EA85CFFD2A2A064100073809 /* IBMPlexSansKR-Light.otf */ = {isa = PBXFileReference; lastKnownFileType = file; path = "IBMPlexSansKR-Light.otf"; sourceTree = "<group>"; };
		EA85CFFE2A2A064100073809 /* IBMPlexSansKR-ExtraLight.otf */ = {isa = PBXFileReference; lastKnownFileType = file; path = "IBMPlexSansKR-ExtraLight.otf"; sourceTree = "<group>"; };
		EA85CFFF2A2A064100073809 /* IBMPlexSansKR-Thin.otf */ = {isa = PBXFileReference; lastKnownFileType = file; path = "IBMPlexSansKR-Thin.otf"; sourceTree = "<group>"; };
		EA85D0002A2A064200073809 /* IBMPlexSansKR-Medium.otf */ = {isa = PBXFileReference; lastKnownFileType = file; path = "IBMPlexSansKR-Medium.otf"; sourceTree = "<group>"; };
		EA85D0012A2A064200073809 /* IBMPlexSansKR-Regular.otf */ = {isa = PBXFileReference; lastKnownFileType = file; path = "IBMPlexSansKR-Regular.otf"; sourceTree = "<group>"; };
		EA85D0022A2A064200073809 /* IBMPlexSansKR-Text.otf */ = {isa = PBXFileReference; lastKnownFileType = file; path = "IBMPlexSansKR-Text.otf"; sourceTree = "<group>"; };
		EAD7647E2A4D8A260091A80E /* TenDaysForecastView.swift */ = {isa = PBXFileReference; lastKnownFileType = sourcecode.swift; path = TenDaysForecastView.swift; sourceTree = "<group>"; };
		EAD764802A4D8B900091A80E /* TenDaysForecastTableViewCell.swift */ = {isa = PBXFileReference; lastKnownFileType = sourcecode.swift; path = TenDaysForecastTableViewCell.swift; sourceTree = "<group>"; };
		EAD764822A4D956A0091A80E /* Apple SD Gothic Neo Bold.otf */ = {isa = PBXFileReference; lastKnownFileType = file; path = "Apple SD Gothic Neo Bold.otf"; sourceTree = "<group>"; };
		EAD764832A4E66090091A80E /* LongTermForecastWeather.swift */ = {isa = PBXFileReference; lastKnownFileType = sourcecode.swift; path = LongTermForecastWeather.swift; sourceTree = "<group>"; };
		EAD764852A4E662A0091A80E /* LongTermForecastWeatherNetworkManager.swift */ = {isa = PBXFileReference; lastKnownFileType = sourcecode.swift; path = LongTermForecastWeatherNetworkManager.swift; sourceTree = "<group>"; };
		EAD764872A4E67280091A80E /* LongTermForecastWeatherViewModel.swift */ = {isa = PBXFileReference; lastKnownFileType = sourcecode.swift; path = LongTermForecastWeatherViewModel.swift; sourceTree = "<group>"; };
		EAD764AF2A502D8F0091A80E /* Weekday.swift */ = {isa = PBXFileReference; lastKnownFileType = sourcecode.swift; path = Weekday.swift; sourceTree = "<group>"; };
		EAD764B12A5107940091A80E /* 중기예보_중기기온예보구역코드.xlsx */ = {isa = PBXFileReference; lastKnownFileType = file; path = "중기예보_중기기온예보구역코드.xlsx"; sourceTree = "<group>"; };
/* End PBXFileReference section */

/* Begin PBXFrameworksBuildPhase section */
		EA838FC32A1752A800B0D8FD /* Frameworks */ = {
			isa = PBXFrameworksBuildPhase;
			buildActionMask = 2147483647;
			files = (
				DE6B7B4699ED7B2AA32A0142 /* Pods_SandeulSandeul.framework in Frameworks */,
			);
			runOnlyForDeploymentPostprocessing = 0;
		};
/* End PBXFrameworksBuildPhase section */

/* Begin PBXGroup section */
		432A262DE9327DD58AF5F91A /* Pods */ = {
			isa = PBXGroup;
			children = (
				A35A58A094B4567F80D1DC42 /* Pods-SandeulSandeul.debug.xcconfig */,
				CE15352017E7FB5D40774363 /* Pods-SandeulSandeul.release.xcconfig */,
			);
			path = Pods;
			sourceTree = "<group>";
		};
		952008C2C33ED1B15F12F399 /* Frameworks */ = {
			isa = PBXGroup;
			children = (
				A5BA1432BEAB6B70C7943A57 /* Pods_SandeulSandeul.framework */,
			);
			name = Frameworks;
			sourceTree = "<group>";
		};
		EA3212C12A305C1200A49FD5 /* GPStoGrid */ = {
			isa = PBXGroup;
			children = (
				EA3212C22A305C3500A49FD5 /* GPStoGrid.swift */,
			);
			path = GPStoGrid;
			sourceTree = "<group>";
		};
		EA3212D32A331C4400A49FD5 /* View */ = {
			isa = PBXGroup;
			children = (
				EA838FDF2A17533200B0D8FD /* MainInformationView.swift */,
				EA838FE12A17534700B0D8FD /* TodayForecastView.swift */,
				EAD7647E2A4D8A260091A80E /* TenDaysForecastView.swift */,
			);
			path = View;
			sourceTree = "<group>";
		};
		EA838FBD2A1752A800B0D8FD = {
			isa = PBXGroup;
			children = (
				EA838FC82A1752A800B0D8FD /* SandeulSandeul */,
				EA838FC72A1752A800B0D8FD /* Products */,
				432A262DE9327DD58AF5F91A /* Pods */,
				952008C2C33ED1B15F12F399 /* Frameworks */,
			);
			sourceTree = "<group>";
		};
		EA838FC72A1752A800B0D8FD /* Products */ = {
			isa = PBXGroup;
			children = (
				EA838FC62A1752A800B0D8FD /* SandeulSandeul.app */,
			);
			name = Products;
			sourceTree = "<group>";
		};
		EA838FC82A1752A800B0D8FD /* SandeulSandeul */ = {
			isa = PBXGroup;
			children = (
				EA3212CA2A31E32100A49FD5 /* SandeulSandeul.entitlements */,
				EA838FC92A1752A800B0D8FD /* AppDelegate.swift */,
				EA838FCB2A1752A800B0D8FD /* SceneDelegate.swift */,
				EA3212C12A305C1200A49FD5 /* GPStoGrid */,
				EA85CFF12A29E1BD00073809 /* Font */,
				EA85CFEE2A29CB4700073809 /* Extension */,
				EA838FE82A17652D00B0D8FD /* Network */,
				EA838FE32A175E3200B0D8FD /* Model */,
				EA85CFEC2A29BABF00073809 /* ViewModel */,
				EA838FDD2A17531200B0D8FD /* View */,
				EA838FD22A1752A900B0D8FD /* Assets.xcassets */,
				EA838FD72A1752A900B0D8FD /* Info.plist */,
			);
			path = SandeulSandeul;
			sourceTree = "<group>";
		};
		EA838FDD2A17531200B0D8FD /* View */ = {
			isa = PBXGroup;
			children = (
				EA838FCF2A1752A800B0D8FD /* Main.storyboard */,
				EA838FD42A1752A900B0D8FD /* LaunchScreen.storyboard */,
				EA3212D32A331C4400A49FD5 /* View */,
				EA85CFED2A29BAD500073809 /* Cell */,
				EA838FDE2A17531500B0D8FD /* Controller */,
			);
			path = View;
			sourceTree = "<group>";
		};
		EA838FDE2A17531500B0D8FD /* Controller */ = {
			isa = PBXGroup;
			children = (
				EA838FCD2A1752A800B0D8FD /* WeatherController.swift */,
			);
			path = Controller;
			sourceTree = "<group>";
		};
		EA838FE32A175E3200B0D8FD /* Model */ = {
			isa = PBXGroup;
			children = (
				EA3212942A2E15C900A49FD5 /* ShortTermForecastWeather.swift */,
				EAD764832A4E66090091A80E /* LongTermForecastWeather.swift */,
				EA3212D62A37179400A49FD5 /* ParticulateMatter.swift */,
				EA3212E02A39C61500A49FD5 /* SunsetAndSunrise.swift */,
			);
			path = Model;
			sourceTree = "<group>";
		};
		EA838FE82A17652D00B0D8FD /* Network */ = {
			isa = PBXGroup;
			children = (
				EA3212C42A309F9700A49FD5 /* ShortTermForecastWeatherNetworkManager.swift */,
				EAD764852A4E662A0091A80E /* LongTermForecastWeatherNetworkManager.swift */,
				EA3212D82A37188200A49FD5 /* ParticulateMatterNetworkManager.swift */,
				EA3212E22A39C65D00A49FD5 /* SunsetAndSunriseNetworkManager.swift */,
			);
			path = Network;
			sourceTree = "<group>";
		};
		EA85CFEC2A29BABF00073809 /* ViewModel */ = {
			isa = PBXGroup;
			children = (
				EA3212C62A30A10E00A49FD5 /* ShortTermForecastWeatherViewModel.swift */,
				EAD764872A4E67280091A80E /* LongTermForecastWeatherViewModel.swift */,
				EA3212DA2A371A0B00A49FD5 /* ParticulateMatterViewModel.swift */,
				EA3212E42A39C6F400A49FD5 /* SunsetAndSunriseViewModel.swift */,
			);
			path = ViewModel;
			sourceTree = "<group>";
		};
		EA85CFED2A29BAD500073809 /* Cell */ = {
			isa = PBXGroup;
			children = (
				EA3212D12A331C3E00A49FD5 /* TodayForecastCell.swift */,
				EAD764802A4D8B900091A80E /* TenDaysForecastTableViewCell.swift */,
			);
			path = Cell;
			sourceTree = "<group>";
		};
		EA85CFEE2A29CB4700073809 /* Extension */ = {
			isa = PBXGroup;
			children = (
				EA85CFEF2A29CB5900073809 /* MyColor.swift */,
				EA3212902A2E072100A49FD5 /* Location.swift */,
				EAD764AF2A502D8F0091A80E /* Weekday.swift */,
				EA3212922A2E126100A49FD5 /* QueryParameter.swift */,
				EA3212C82A31D8E700A49FD5 /* UserDefaults.swift */,
				EAD764B12A5107940091A80E /* 중기예보_중기기온예보구역코드.xlsx */,
			);
			path = Extension;
			sourceTree = "<group>";
		};
		EA85CFF12A29E1BD00073809 /* Font */ = {
			isa = PBXGroup;
			children = (
				EA85CFFC2A2A064100073809 /* IBMPlexSansKR-Bold.otf */,
				EA85CFFE2A2A064100073809 /* IBMPlexSansKR-ExtraLight.otf */,
				EA85CFFD2A2A064100073809 /* IBMPlexSansKR-Light.otf */,
				EA85D0002A2A064200073809 /* IBMPlexSansKR-Medium.otf */,
				EA85D0012A2A064200073809 /* IBMPlexSansKR-Regular.otf */,
				EA85CFFB2A2A064100073809 /* IBMPlexSansKR-SemiBold.otf */,
				EA85D0022A2A064200073809 /* IBMPlexSansKR-Text.otf */,
				EA85CFFF2A2A064100073809 /* IBMPlexSansKR-Thin.otf */,
				EAD764822A4D956A0091A80E /* Apple SD Gothic Neo Bold.otf */,
			);
			path = Font;
			sourceTree = "<group>";
		};
/* End PBXGroup section */

/* Begin PBXNativeTarget section */
		EA838FC52A1752A800B0D8FD /* SandeulSandeul */ = {
			isa = PBXNativeTarget;
			buildConfigurationList = EA838FDA2A1752A900B0D8FD /* Build configuration list for PBXNativeTarget "SandeulSandeul" */;
			buildPhases = (
				71DB49E0C350997A4AA3634F /* [CP] Check Pods Manifest.lock */,
				EA838FC22A1752A800B0D8FD /* Sources */,
				EA838FC32A1752A800B0D8FD /* Frameworks */,
				EA838FC42A1752A800B0D8FD /* Resources */,
				05EC1DD7BD9BB1E943162826 /* [CP] Embed Pods Frameworks */,
			);
			buildRules = (
			);
			dependencies = (
			);
			name = SandeulSandeul;
			productName = SandeulSandeul;
			productReference = EA838FC62A1752A800B0D8FD /* SandeulSandeul.app */;
			productType = "com.apple.product-type.application";
		};
/* End PBXNativeTarget section */

/* Begin PBXProject section */
		EA838FBE2A1752A800B0D8FD /* Project object */ = {
			isa = PBXProject;
			attributes = {
				BuildIndependentTargetsInParallel = 1;
				LastSwiftUpdateCheck = 1430;
				LastUpgradeCheck = 1430;
				TargetAttributes = {
					EA838FC52A1752A800B0D8FD = {
						CreatedOnToolsVersion = 14.3;
					};
				};
			};
			buildConfigurationList = EA838FC12A1752A800B0D8FD /* Build configuration list for PBXProject "SandeulSandeul" */;
			compatibilityVersion = "Xcode 14.0";
			developmentRegion = en;
			hasScannedForEncodings = 0;
			knownRegions = (
				en,
				Base,
			);
			mainGroup = EA838FBD2A1752A800B0D8FD;
			productRefGroup = EA838FC72A1752A800B0D8FD /* Products */;
			projectDirPath = "";
			projectRoot = "";
			targets = (
				EA838FC52A1752A800B0D8FD /* SandeulSandeul */,
			);
		};
/* End PBXProject section */

/* Begin PBXResourcesBuildPhase section */
		EA838FC42A1752A800B0D8FD /* Resources */ = {
			isa = PBXResourcesBuildPhase;
			buildActionMask = 2147483647;
			files = (
				EA85D0072A2A064200073809 /* IBMPlexSansKR-Thin.otf in Resources */,
				EA85D0032A2A064200073809 /* IBMPlexSansKR-SemiBold.otf in Resources */,
				EA85D0082A2A064200073809 /* IBMPlexSansKR-Medium.otf in Resources */,
				EA85D00A2A2A064200073809 /* IBMPlexSansKR-Text.otf in Resources */,
				EA85D0062A2A064200073809 /* IBMPlexSansKR-ExtraLight.otf in Resources */,
				EA838FD62A1752A900B0D8FD /* LaunchScreen.storyboard in Resources */,
				EA85D0052A2A064200073809 /* IBMPlexSansKR-Light.otf in Resources */,
				EA85D0092A2A064200073809 /* IBMPlexSansKR-Regular.otf in Resources */,
				EA85D0042A2A064200073809 /* IBMPlexSansKR-Bold.otf in Resources */,
				EA838FD32A1752A900B0D8FD /* Assets.xcassets in Resources */,
				EA838FD12A1752A800B0D8FD /* Main.storyboard in Resources */,
			);
			runOnlyForDeploymentPostprocessing = 0;
		};
/* End PBXResourcesBuildPhase section */

/* Begin PBXShellScriptBuildPhase section */
		05EC1DD7BD9BB1E943162826 /* [CP] Embed Pods Frameworks */ = {
			isa = PBXShellScriptBuildPhase;
			buildActionMask = 2147483647;
			files = (
			);
			inputFileListPaths = (
				"${PODS_ROOT}/Target Support Files/Pods-SandeulSandeul/Pods-SandeulSandeul-frameworks-${CONFIGURATION}-input-files.xcfilelist",
			);
			name = "[CP] Embed Pods Frameworks";
			outputFileListPaths = (
				"${PODS_ROOT}/Target Support Files/Pods-SandeulSandeul/Pods-SandeulSandeul-frameworks-${CONFIGURATION}-output-files.xcfilelist",
			);
			runOnlyForDeploymentPostprocessing = 0;
			shellPath = /bin/sh;
			shellScript = "\"${PODS_ROOT}/Target Support Files/Pods-SandeulSandeul/Pods-SandeulSandeul-frameworks.sh\"\n";
			showEnvVarsInLog = 0;
		};
		71DB49E0C350997A4AA3634F /* [CP] Check Pods Manifest.lock */ = {
			isa = PBXShellScriptBuildPhase;
			buildActionMask = 2147483647;
			files = (
			);
			inputFileListPaths = (
			);
			inputPaths = (
				"${PODS_PODFILE_DIR_PATH}/Podfile.lock",
				"${PODS_ROOT}/Manifest.lock",
			);
			name = "[CP] Check Pods Manifest.lock";
			outputFileListPaths = (
			);
			outputPaths = (
				"$(DERIVED_FILE_DIR)/Pods-SandeulSandeul-checkManifestLockResult.txt",
			);
			runOnlyForDeploymentPostprocessing = 0;
			shellPath = /bin/sh;
			shellScript = "diff \"${PODS_PODFILE_DIR_PATH}/Podfile.lock\" \"${PODS_ROOT}/Manifest.lock\" > /dev/null\nif [ $? != 0 ] ; then\n    # print error to STDERR\n    echo \"error: The sandbox is not in sync with the Podfile.lock. Run 'pod install' or update your CocoaPods installation.\" >&2\n    exit 1\nfi\n# This output is used by Xcode 'outputs' to avoid re-running this script phase.\necho \"SUCCESS\" > \"${SCRIPT_OUTPUT_FILE_0}\"\n";
			showEnvVarsInLog = 0;
		};
/* End PBXShellScriptBuildPhase section */

/* Begin PBXSourcesBuildPhase section */
		EA838FC22A1752A800B0D8FD /* Sources */ = {
			isa = PBXSourcesBuildPhase;
			buildActionMask = 2147483647;
			files = (
				EAD764812A4D8B900091A80E /* TenDaysForecastTableViewCell.swift in Sources */,
				EA3212DB2A371A0B00A49FD5 /* ParticulateMatterViewModel.swift in Sources */,
				EAD764862A4E662A0091A80E /* LongTermForecastWeatherNetworkManager.swift in Sources */,
				EA838FCE2A1752A800B0D8FD /* WeatherController.swift in Sources */,
				EAD764882A4E67280091A80E /* LongTermForecastWeatherViewModel.swift in Sources */,
				EA3212D22A331C3E00A49FD5 /* TodayForecastCell.swift in Sources */,
				EA3212912A2E072100A49FD5 /* Location.swift in Sources */,
				EA3212952A2E15C900A49FD5 /* ShortTermForecastWeather.swift in Sources */,
				EAD764B02A502D8F0091A80E /* Weekday.swift in Sources */,
				EA3212D72A37179400A49FD5 /* ParticulateMatter.swift in Sources */,
				EA3212C92A31D8E700A49FD5 /* UserDefaults.swift in Sources */,
				EA3212E12A39C61500A49FD5 /* SunsetAndSunrise.swift in Sources */,
				EA3212C72A30A10E00A49FD5 /* ShortTermForecastWeatherViewModel.swift in Sources */,
				EA838FCA2A1752A800B0D8FD /* AppDelegate.swift in Sources */,
				EA838FE02A17533200B0D8FD /* MainInformationView.swift in Sources */,
				EA3212E32A39C65D00A49FD5 /* SunsetAndSunriseNetworkManager.swift in Sources */,
				EA3212D92A37188200A49FD5 /* ParticulateMatterNetworkManager.swift in Sources */,
				EAD764842A4E66090091A80E /* LongTermForecastWeather.swift in Sources */,
				EA3212C52A309F9700A49FD5 /* ShortTermForecastWeatherNetworkManager.swift in Sources */,
				EA85CFF02A29CB5900073809 /* MyColor.swift in Sources */,
				EA3212932A2E126100A49FD5 /* QueryParameter.swift in Sources */,
				EA3212E52A39C6F400A49FD5 /* SunsetAndSunriseViewModel.swift in Sources */,
				EA838FE22A17534700B0D8FD /* TodayForecastView.swift in Sources */,
				EA838FCC2A1752A800B0D8FD /* SceneDelegate.swift in Sources */,
				EAD7647F2A4D8A260091A80E /* TenDaysForecastView.swift in Sources */,
				EA3212C32A305C3500A49FD5 /* GPStoGrid.swift in Sources */,
			);
			runOnlyForDeploymentPostprocessing = 0;
		};
/* End PBXSourcesBuildPhase section */

/* Begin PBXVariantGroup section */
		EA838FCF2A1752A800B0D8FD /* Main.storyboard */ = {
			isa = PBXVariantGroup;
			children = (
				EA838FD02A1752A800B0D8FD /* Base */,
			);
			name = Main.storyboard;
			sourceTree = "<group>";
		};
		EA838FD42A1752A900B0D8FD /* LaunchScreen.storyboard */ = {
			isa = PBXVariantGroup;
			children = (
				EA838FD52A1752A900B0D8FD /* Base */,
			);
			name = LaunchScreen.storyboard;
			sourceTree = "<group>";
		};
/* End PBXVariantGroup section */

/* Begin XCBuildConfiguration section */
		EA838FD82A1752A900B0D8FD /* Debug */ = {
			isa = XCBuildConfiguration;
			buildSettings = {
				ALWAYS_SEARCH_USER_PATHS = NO;
				CLANG_ANALYZER_NONNULL = YES;
				CLANG_ANALYZER_NUMBER_OBJECT_CONVERSION = YES_AGGRESSIVE;
				CLANG_CXX_LANGUAGE_STANDARD = "gnu++20";
				CLANG_ENABLE_MODULES = YES;
				CLANG_ENABLE_OBJC_ARC = YES;
				CLANG_ENABLE_OBJC_WEAK = YES;
				CLANG_WARN_BLOCK_CAPTURE_AUTORELEASING = YES;
				CLANG_WARN_BOOL_CONVERSION = YES;
				CLANG_WARN_COMMA = YES;
				CLANG_WARN_CONSTANT_CONVERSION = YES;
				CLANG_WARN_DEPRECATED_OBJC_IMPLEMENTATIONS = YES;
				CLANG_WARN_DIRECT_OBJC_ISA_USAGE = YES_ERROR;
				CLANG_WARN_DOCUMENTATION_COMMENTS = YES;
				CLANG_WARN_EMPTY_BODY = YES;
				CLANG_WARN_ENUM_CONVERSION = YES;
				CLANG_WARN_INFINITE_RECURSION = YES;
				CLANG_WARN_INT_CONVERSION = YES;
				CLANG_WARN_NON_LITERAL_NULL_CONVERSION = YES;
				CLANG_WARN_OBJC_IMPLICIT_RETAIN_SELF = YES;
				CLANG_WARN_OBJC_LITERAL_CONVERSION = YES;
				CLANG_WARN_OBJC_ROOT_CLASS = YES_ERROR;
				CLANG_WARN_QUOTED_INCLUDE_IN_FRAMEWORK_HEADER = YES;
				CLANG_WARN_RANGE_LOOP_ANALYSIS = YES;
				CLANG_WARN_STRICT_PROTOTYPES = YES;
				CLANG_WARN_SUSPICIOUS_MOVE = YES;
				CLANG_WARN_UNGUARDED_AVAILABILITY = YES_AGGRESSIVE;
				CLANG_WARN_UNREACHABLE_CODE = YES;
				CLANG_WARN__DUPLICATE_METHOD_MATCH = YES;
				COPY_PHASE_STRIP = NO;
				DEBUG_INFORMATION_FORMAT = dwarf;
				ENABLE_STRICT_OBJC_MSGSEND = YES;
				ENABLE_TESTABILITY = YES;
				GCC_C_LANGUAGE_STANDARD = gnu11;
				GCC_DYNAMIC_NO_PIC = NO;
				GCC_NO_COMMON_BLOCKS = YES;
				GCC_OPTIMIZATION_LEVEL = 0;
				GCC_PREPROCESSOR_DEFINITIONS = (
					"DEBUG=1",
					"$(inherited)",
				);
				GCC_WARN_64_TO_32_BIT_CONVERSION = YES;
				GCC_WARN_ABOUT_RETURN_TYPE = YES_ERROR;
				GCC_WARN_UNDECLARED_SELECTOR = YES;
				GCC_WARN_UNINITIALIZED_AUTOS = YES_AGGRESSIVE;
				GCC_WARN_UNUSED_FUNCTION = YES;
				GCC_WARN_UNUSED_VARIABLE = YES;
				IPHONEOS_DEPLOYMENT_TARGET = 16.4;
				MTL_ENABLE_DEBUG_INFO = INCLUDE_SOURCE;
				MTL_FAST_MATH = YES;
				ONLY_ACTIVE_ARCH = YES;
				SDKROOT = iphoneos;
				SWIFT_ACTIVE_COMPILATION_CONDITIONS = DEBUG;
				SWIFT_OPTIMIZATION_LEVEL = "-Onone";
			};
			name = Debug;
		};
		EA838FD92A1752A900B0D8FD /* Release */ = {
			isa = XCBuildConfiguration;
			buildSettings = {
				ALWAYS_SEARCH_USER_PATHS = NO;
				CLANG_ANALYZER_NONNULL = YES;
				CLANG_ANALYZER_NUMBER_OBJECT_CONVERSION = YES_AGGRESSIVE;
				CLANG_CXX_LANGUAGE_STANDARD = "gnu++20";
				CLANG_ENABLE_MODULES = YES;
				CLANG_ENABLE_OBJC_ARC = YES;
				CLANG_ENABLE_OBJC_WEAK = YES;
				CLANG_WARN_BLOCK_CAPTURE_AUTORELEASING = YES;
				CLANG_WARN_BOOL_CONVERSION = YES;
				CLANG_WARN_COMMA = YES;
				CLANG_WARN_CONSTANT_CONVERSION = YES;
				CLANG_WARN_DEPRECATED_OBJC_IMPLEMENTATIONS = YES;
				CLANG_WARN_DIRECT_OBJC_ISA_USAGE = YES_ERROR;
				CLANG_WARN_DOCUMENTATION_COMMENTS = YES;
				CLANG_WARN_EMPTY_BODY = YES;
				CLANG_WARN_ENUM_CONVERSION = YES;
				CLANG_WARN_INFINITE_RECURSION = YES;
				CLANG_WARN_INT_CONVERSION = YES;
				CLANG_WARN_NON_LITERAL_NULL_CONVERSION = YES;
				CLANG_WARN_OBJC_IMPLICIT_RETAIN_SELF = YES;
				CLANG_WARN_OBJC_LITERAL_CONVERSION = YES;
				CLANG_WARN_OBJC_ROOT_CLASS = YES_ERROR;
				CLANG_WARN_QUOTED_INCLUDE_IN_FRAMEWORK_HEADER = YES;
				CLANG_WARN_RANGE_LOOP_ANALYSIS = YES;
				CLANG_WARN_STRICT_PROTOTYPES = YES;
				CLANG_WARN_SUSPICIOUS_MOVE = YES;
				CLANG_WARN_UNGUARDED_AVAILABILITY = YES_AGGRESSIVE;
				CLANG_WARN_UNREACHABLE_CODE = YES;
				CLANG_WARN__DUPLICATE_METHOD_MATCH = YES;
				COPY_PHASE_STRIP = NO;
				DEBUG_INFORMATION_FORMAT = "dwarf-with-dsym";
				ENABLE_NS_ASSERTIONS = NO;
				ENABLE_STRICT_OBJC_MSGSEND = YES;
				GCC_C_LANGUAGE_STANDARD = gnu11;
				GCC_NO_COMMON_BLOCKS = YES;
				GCC_WARN_64_TO_32_BIT_CONVERSION = YES;
				GCC_WARN_ABOUT_RETURN_TYPE = YES_ERROR;
				GCC_WARN_UNDECLARED_SELECTOR = YES;
				GCC_WARN_UNINITIALIZED_AUTOS = YES_AGGRESSIVE;
				GCC_WARN_UNUSED_FUNCTION = YES;
				GCC_WARN_UNUSED_VARIABLE = YES;
				IPHONEOS_DEPLOYMENT_TARGET = 16.4;
				MTL_ENABLE_DEBUG_INFO = NO;
				MTL_FAST_MATH = YES;
				SDKROOT = iphoneos;
				SWIFT_COMPILATION_MODE = wholemodule;
				SWIFT_OPTIMIZATION_LEVEL = "-O";
				VALIDATE_PRODUCT = YES;
			};
			name = Release;
		};
		EA838FDB2A1752A900B0D8FD /* Debug */ = {
			isa = XCBuildConfiguration;
			baseConfigurationReference = A35A58A094B4567F80D1DC42 /* Pods-SandeulSandeul.debug.xcconfig */;
			buildSettings = {
				ASSETCATALOG_COMPILER_APPICON_NAME = AppIcon;
				ASSETCATALOG_COMPILER_GLOBAL_ACCENT_COLOR_NAME = AccentColor;
				CODE_SIGN_ENTITLEMENTS = SandeulSandeul/SandeulSandeul.entitlements;
				CODE_SIGN_STYLE = Automatic;
				CURRENT_PROJECT_VERSION = 1;
				DEVELOPMENT_TEAM = T9LJ52AQY5;
				GENERATE_INFOPLIST_FILE = YES;
				INFOPLIST_FILE = SandeulSandeul/Info.plist;
				INFOPLIST_KEY_UIApplicationSupportsIndirectInputEvents = YES;
				INFOPLIST_KEY_UILaunchStoryboardName = LaunchScreen;
				INFOPLIST_KEY_UIMainStoryboardFile = Main;
				INFOPLIST_KEY_UISupportedInterfaceOrientations_iPad = "UIInterfaceOrientationPortrait UIInterfaceOrientationPortraitUpsideDown UIInterfaceOrientationLandscapeLeft UIInterfaceOrientationLandscapeRight";
				INFOPLIST_KEY_UISupportedInterfaceOrientations_iPhone = "UIInterfaceOrientationPortrait UIInterfaceOrientationLandscapeLeft UIInterfaceOrientationLandscapeRight";
				IPHONEOS_DEPLOYMENT_TARGET = 15.2;
				LD_RUNPATH_SEARCH_PATHS = (
					"$(inherited)",
					"@executable_path/Frameworks",
				);
				MARKETING_VERSION = 1.0;
				PRODUCT_BUNDLE_IDENTIFIER = com.tistory.frenchmarigold.SandeulSandeul;
				PRODUCT_NAME = "$(TARGET_NAME)";
				SWIFT_EMIT_LOC_STRINGS = YES;
				SWIFT_VERSION = 5.0;
				TARGETED_DEVICE_FAMILY = "1,2";
			};
			name = Debug;
		};
		EA838FDC2A1752A900B0D8FD /* Release */ = {
			isa = XCBuildConfiguration;
			baseConfigurationReference = CE15352017E7FB5D40774363 /* Pods-SandeulSandeul.release.xcconfig */;
			buildSettings = {
				ASSETCATALOG_COMPILER_APPICON_NAME = AppIcon;
				ASSETCATALOG_COMPILER_GLOBAL_ACCENT_COLOR_NAME = AccentColor;
				CODE_SIGN_ENTITLEMENTS = SandeulSandeul/SandeulSandeul.entitlements;
				CODE_SIGN_STYLE = Automatic;
				CURRENT_PROJECT_VERSION = 1;
				DEVELOPMENT_TEAM = T9LJ52AQY5;
				GENERATE_INFOPLIST_FILE = YES;
				INFOPLIST_FILE = SandeulSandeul/Info.plist;
				INFOPLIST_KEY_UIApplicationSupportsIndirectInputEvents = YES;
				INFOPLIST_KEY_UILaunchStoryboardName = LaunchScreen;
				INFOPLIST_KEY_UIMainStoryboardFile = Main;
				INFOPLIST_KEY_UISupportedInterfaceOrientations_iPad = "UIInterfaceOrientationPortrait UIInterfaceOrientationPortraitUpsideDown UIInterfaceOrientationLandscapeLeft UIInterfaceOrientationLandscapeRight";
				INFOPLIST_KEY_UISupportedInterfaceOrientations_iPhone = "UIInterfaceOrientationPortrait UIInterfaceOrientationLandscapeLeft UIInterfaceOrientationLandscapeRight";
				IPHONEOS_DEPLOYMENT_TARGET = 15.2;
				LD_RUNPATH_SEARCH_PATHS = (
					"$(inherited)",
					"@executable_path/Frameworks",
				);
				MARKETING_VERSION = 1.0;
				PRODUCT_BUNDLE_IDENTIFIER = com.tistory.frenchmarigold.SandeulSandeul;
				PRODUCT_NAME = "$(TARGET_NAME)";
				SWIFT_EMIT_LOC_STRINGS = YES;
				SWIFT_VERSION = 5.0;
				TARGETED_DEVICE_FAMILY = "1,2";
			};
			name = Release;
		};
/* End XCBuildConfiguration section */

/* Begin XCConfigurationList section */
		EA838FC12A1752A800B0D8FD /* Build configuration list for PBXProject "SandeulSandeul" */ = {
			isa = XCConfigurationList;
			buildConfigurations = (
				EA838FD82A1752A900B0D8FD /* Debug */,
				EA838FD92A1752A900B0D8FD /* Release */,
			);
			defaultConfigurationIsVisible = 0;
			defaultConfigurationName = Release;
		};
		EA838FDA2A1752A900B0D8FD /* Build configuration list for PBXNativeTarget "SandeulSandeul" */ = {
			isa = XCConfigurationList;
			buildConfigurations = (
				EA838FDB2A1752A900B0D8FD /* Debug */,
				EA838FDC2A1752A900B0D8FD /* Release */,
			);
			defaultConfigurationIsVisible = 0;
			defaultConfigurationName = Release;
		};
/* End XCConfigurationList section */
	};
	rootObject = EA838FBE2A1752A800B0D8FD /* Project object */;
}
